{
  "version": 4,
  "terraform_version": "1.14.4",
  "serial": 81,
  "lineage": "7cea9f97-af7a-eb35-d562-b99cf528b889",
  "outputs": {
    "client_id": {
      "value": "6828qheiedoh3s37kk63vvnulb",
      "type": "string"
    },
    "cognito_domain": {
      "value": "hermes-auth-prod.auth.sa-east-1.amazoncognito.com",
      "type": "string"
    },
    "env_variables": {
      "value": {
        "COGNITO_CLIENT_ID": "6828qheiedoh3s37kk63vvnulb",
        "COGNITO_DOMAIN": "hermes-auth-prod.auth.sa-east-1.amazoncognito.com",
        "COGNITO_ISSUER": "https://cognito-idp.sa-east-1.amazonaws.com/sa-east-1_eEK7ISnrg",
        "COGNITO_JWKS_URL": "https://cognito-idp.sa-east-1.amazonaws.com/sa-east-1_eEK7ISnrg/.well-known/jwks.json",
        "COGNITO_USER_POOL_ID": "sa-east-1_eEK7ISnrg",
        "GITHUB_AUTH_URL": "https://ztrgajxcc3.execute-api.sa-east-1.amazonaws.com/auth/github"
      },
      "type": [
        "object",
        {
          "COGNITO_CLIENT_ID": "string",
          "COGNITO_DOMAIN": "string",
          "COGNITO_ISSUER": "string",
          "COGNITO_JWKS_URL": "string",
          "COGNITO_USER_POOL_ID": "string",
          "GITHUB_AUTH_URL": "string"
        }
      ]
    },
    "github_auth_api_endpoint": {
      "value": "https://ztrgajxcc3.execute-api.sa-east-1.amazonaws.com",
      "type": "string"
    },
    "github_login_url": {
      "value": "https://ztrgajxcc3.execute-api.sa-east-1.amazonaws.com/auth/github",
      "type": "string"
    },
    "github_oauth_callback_url": {
      "value": "https://ztrgajxcc3.execute-api.sa-east-1.amazonaws.com/auth/github/callback",
      "type": "string"
    },
    "issuer": {
      "value": "https://cognito-idp.sa-east-1.amazonaws.com/sa-east-1_eEK7ISnrg",
      "type": "string"
    },
    "jwks_url": {
      "value": "https://cognito-idp.sa-east-1.amazonaws.com/sa-east-1_eEK7ISnrg/.well-known/jwks.json",
      "type": "string"
    },
    "oauth2_authorize_url": {
      "value": "https://hermes-auth-prod.auth.sa-east-1.amazoncognito.com/oauth2/authorize",
      "type": "string"
    },
    "oauth2_logout_url": {
      "value": "https://hermes-auth-prod.auth.sa-east-1.amazoncognito.com/logout",
      "type": "string"
    },
    "oauth2_token_url": {
      "value": "https://hermes-auth-prod.auth.sa-east-1.amazoncognito.com/oauth2/token",
      "type": "string"
    },
    "oauth2_userinfo_url": {
      "value": "https://hermes-auth-prod.auth.sa-east-1.amazoncognito.com/oauth2/userInfo",
      "type": "string"
    },
    "user_pool_arn": {
      "value": "arn:aws:cognito-idp:sa-east-1:142527788765:userpool/sa-east-1_eEK7ISnrg",
      "type": "string"
    },
    "user_pool_id": {
      "value": "sa-east-1_eEK7ISnrg",
      "type": "string"
    }
  },
  "resources": [
    {
      "mode": "managed",
      "type": "aws_apigatewayv2_api",
      "name": "github_auth",
      "provider": "provider[\"registry.terraform.io/hashicorp/aws\"]",
      "instances": [
        {
          "schema_version": 0,
          "attributes": {
            "api_endpoint": "https://ztrgajxcc3.execute-api.sa-east-1.amazonaws.com",
            "api_key_selection_expression": "$request.header.x-api-key",
            "arn": "arn:aws:apigateway:sa-east-1::/apis/ztrgajxcc3",
            "body": null,
            "cors_configuration": [
              {
                "allow_credentials": false,
                "allow_headers": [
                  "Authorization",
                  "Content-Type"
                ],
                "allow_methods": [
                  "GET",
                  "OPTIONS"
                ],
                "allow_origins": [
                  "*"
                ],
                "expose_headers": null,
                "max_age": 300
              }
            ],
            "credentials_arn": null,
            "description": "",
            "disable_execute_api_endpoint": false,
            "execution_arn": "arn:aws:execute-api:sa-east-1:142527788765:ztrgajxcc3",
            "fail_on_warnings": null,
            "id": "ztrgajxcc3",
            "ip_address_type": "ipv4",
            "name": "hermes-github-auth-prod",
            "protocol_type": "HTTP",
            "route_key": null,
            "route_selection_expression": "$request.method $request.path",
            "tags": {
              "Environment": "prod",
              "ManagedBy": "terraform",
              "Project": "hermes"
            },
            "tags_all": {
              "Environment": "prod",
              "ManagedBy": "terraform",
              "Project": "hermes"
            },
            "target": null,
            "version": ""
          },
          "sensitive_attributes": [],
          "identity_schema_version": 0,
          "private": "bnVsbA=="
        }
      ]
    },
    {
      "mode": "managed",
      "type": "aws_apigatewayv2_integration",
      "name": "github_auth",
      "provider": "provider[\"registry.terraform.io/hashicorp/aws\"]",
      "instances": [
        {
          "schema_version": 0,
          "attributes": {
            "api_id": "ztrgajxcc3",
            "connection_id": "",
            "connection_type": "INTERNET",
            "content_handling_strategy": "",
            "credentials_arn": "",
            "description": "",
            "id": "b13u7hu",
            "integration_method": "POST",
            "integration_response_selection_expression": "",
            "integration_subtype": "",
            "integration_type": "AWS_PROXY",
            "integration_uri": "arn:aws:apigateway:sa-east-1:lambda:path/2015-03-31/functions/arn:aws:lambda:sa-east-1:142527788765:function:hermes-github-auth-prod/invocations",
            "passthrough_behavior": "",
            "payload_format_version": "2.0",
            "request_parameters": null,
            "request_templates": null,
            "response_parameters": [],
            "template_selection_expression": "",
            "timeout_milliseconds": 30000,
            "tls_config": []
          },
          "sensitive_attributes": [],
          "identity_schema_version": 0,
          "private": "bnVsbA==",
          "dependencies": [
            "aws_apigatewayv2_api.github_auth",
            "aws_cognito_user_pool.main",
            "aws_cognito_user_pool_client.main",
            "aws_iam_role.github_auth_lambda",
            "aws_iam_role_policy.github_auth_lambda_cognito",
            "aws_iam_role_policy_attachment.github_auth_lambda_basic",
            "aws_lambda_function.github_auth"
          ]
        }
      ]
    },
    {
      "mode": "managed",
      "type": "aws_apigatewayv2_route",
      "name": "github_auth_callback",
      "provider": "provider[\"registry.terraform.io/hashicorp/aws\"]",
      "instances": [
        {
          "schema_version": 0,
          "attributes": {
            "api_id": "ztrgajxcc3",
            "api_key_required": false,
            "authorization_scopes": null,
            "authorization_type": "NONE",
            "authorizer_id": "",
            "id": "0aajld1",
            "model_selection_expression": "",
            "operation_name": "",
            "request_models": null,
            "request_parameter": [],
            "route_key": "GET /auth/github/callback",
            "route_response_selection_expression": "",
            "target": "integrations/b13u7hu"
          },
          "sensitive_attributes": [],
          "identity_schema_version": 0,
          "private": "bnVsbA==",
          "dependencies": [
            "aws_apigatewayv2_api.github_auth",
            "aws_apigatewayv2_integration.github_auth",
            "aws_cognito_user_pool.main",
            "aws_cognito_user_pool_client.main",
            "aws_iam_role.github_auth_lambda",
            "aws_iam_role_policy.github_auth_lambda_cognito",
            "aws_iam_role_policy_attachment.github_auth_lambda_basic",
            "aws_lambda_function.github_auth"
          ]
        }
      ]
    },
    {
      "mode": "managed",
      "type": "aws_apigatewayv2_route",
      "name": "github_auth_initiate",
      "provider": "provider[\"registry.terraform.io/hashicorp/aws\"]",
      "instances": [
        {
          "schema_version": 0,
          "attributes": {
            "api_id": "ztrgajxcc3",
            "api_key_required": false,
            "authorization_scopes": null,
            "authorization_type": "NONE",
            "authorizer_id": "",
            "id": "ahg0ny6",
            "model_selection_expression": "",
            "operation_name": "",
            "request_models": null,
            "request_parameter": [],
            "route_key": "GET /auth/github",
            "route_response_selection_expression": "",
            "target": "integrations/b13u7hu"
          },
          "sensitive_attributes": [],
          "identity_schema_version": 0,
          "private": "bnVsbA==",
          "dependencies": [
            "aws_apigatewayv2_api.github_auth",
            "aws_apigatewayv2_integration.github_auth",
            "aws_cognito_user_pool.main",
            "aws_cognito_user_pool_client.main",
            "aws_iam_role.github_auth_lambda",
            "aws_iam_role_policy.github_auth_lambda_cognito",
            "aws_iam_role_policy_attachment.github_auth_lambda_basic",
            "aws_lambda_function.github_auth"
          ]
        }
      ]
    },
    {
      "mode": "managed",
      "type": "aws_apigatewayv2_stage",
      "name": "github_auth",
      "provider": "provider[\"registry.terraform.io/hashicorp/aws\"]",
      "instances": [
        {
          "schema_version": 0,
          "attributes": {
            "access_log_settings": [
              {
                "destination_arn": "arn:aws:logs:sa-east-1:142527788765:log-group:/aws/apigateway/hermes-github-auth-prod",
                "format": "{\"errorMessage\":\"$context.error.message\",\"httpMethod\":\"$context.httpMethod\",\"ip\":\"$context.identity.sourceIp\",\"protocol\":\"$context.protocol\",\"requestId\":\"$context.requestId\",\"requestTime\":\"$context.requestTime\",\"responseLength\":\"$context.responseLength\",\"routeKey\":\"$context.routeKey\",\"status\":\"$context.status\"}"
              }
            ],
            "api_id": "ztrgajxcc3",
            "arn": "arn:aws:apigateway:sa-east-1::/apis/ztrgajxcc3/stages/$default",
            "auto_deploy": true,
            "client_certificate_id": "",
            "default_route_settings": [
              {
                "data_trace_enabled": false,
                "detailed_metrics_enabled": false,
                "logging_level": "",
                "throttling_burst_limit": 0,
                "throttling_rate_limit": 0
              }
            ],
            "deployment_id": "",
            "description": "",
            "execution_arn": "arn:aws:execute-api:sa-east-1:142527788765:ztrgajxcc3/$default",
            "id": "$default",
            "invoke_url": "https://ztrgajxcc3.execute-api.sa-east-1.amazonaws.com/",
            "name": "$default",
            "route_settings": [],
            "stage_variables": null,
            "tags": {
              "Environment": "prod",
              "ManagedBy": "terraform",
              "Project": "hermes"
            },
            "tags_all": {
              "Environment": "prod",
              "ManagedBy": "terraform",
              "Project": "hermes"
            }
          },
          "sensitive_attributes": [],
          "identity_schema_version": 0,
          "private": "bnVsbA==",
          "dependencies": [
            "aws_apigatewayv2_api.github_auth",
            "aws_cloudwatch_log_group.api_gateway"
          ]
        }
      ]
    },
    {
      "mode": "managed",
      "type": "aws_cloudwatch_log_group",
      "name": "api_gateway",
      "provider": "provider[\"registry.terraform.io/hashicorp/aws\"]",
      "instances": [
        {
          "schema_version": 0,
          "attributes": {
            "arn": "arn:aws:logs:sa-east-1:142527788765:log-group:/aws/apigateway/hermes-github-auth-prod",
            "id": "/aws/apigateway/hermes-github-auth-prod",
            "kms_key_id": "",
            "log_group_class": "STANDARD",
            "name": "/aws/apigateway/hermes-github-auth-prod",
            "name_prefix": "",
            "retention_in_days": 14,
            "skip_destroy": false,
            "tags": {
              "Environment": "prod",
              "ManagedBy": "terraform",
              "Project": "hermes"
            },
            "tags_all": {
              "Environment": "prod",
              "ManagedBy": "terraform",
              "Project": "hermes"
            }
          },
          "sensitive_attributes": [],
          "identity_schema_version": 0,
          "private": "bnVsbA=="
        }
      ]
    },
    {
      "mode": "managed",
      "type": "aws_cognito_user_pool",
      "name": "main",
      "provider": "provider[\"registry.terraform.io/hashicorp/aws\"]",
      "instances": [
        {
          "schema_version": 0,
          "attributes": {
            "account_recovery_setting": [
              {
                "recovery_mechanism": [
                  {
                    "name": "verified_email",
                    "priority": 1
                  }
                ]
              }
            ],
            "admin_create_user_config": [
              {
                "allow_admin_create_user_only": false,
                "invite_message_template": [
                  {
                    "email_message": "Your username is {username} and temporary password is {####}",
                    "email_subject": "Your hermes account",
                    "sms_message": "Your username is {username} and temporary password is {####}"
                  }
                ]
              }
            ],
            "alias_attributes": null,
            "arn": "arn:aws:cognito-idp:sa-east-1:142527788765:userpool/sa-east-1_eEK7ISnrg",
            "auto_verified_attributes": [
              "email"
            ],
            "creation_date": "2026-02-11T18:22:50Z",
            "custom_domain": "",
            "deletion_protection": "INACTIVE",
            "device_configuration": [
              {
                "challenge_required_on_new_device": false,
                "device_only_remembered_on_user_prompt": true
              }
            ],
            "domain": "",
            "email_configuration": [
              {
                "configuration_set": "",
                "email_sending_account": "COGNITO_DEFAULT",
                "from_email_address": "",
                "reply_to_email_address": "",
                "source_arn": ""
              }
            ],
            "email_mfa_configuration": [],
            "email_verification_message": "Your verification code is {####}",
            "email_verification_subject": "Your hermes verification code",
            "endpoint": "cognito-idp.sa-east-1.amazonaws.com/sa-east-1_eEK7ISnrg",
            "estimated_number_of_users": 0,
            "id": "sa-east-1_eEK7ISnrg",
            "lambda_config": [],
            "last_modified_date": "2026-02-11T18:22:50Z",
            "mfa_configuration": "OPTIONAL",
            "name": "hermes-prod-user-pool",
            "password_policy": [
              {
                "minimum_length": 8,
                "password_history_size": 0,
                "require_lowercase": true,
                "require_numbers": true,
                "require_symbols": true,
                "require_uppercase": true,
                "temporary_password_validity_days": 7
              }
            ],
            "schema": [
              {
                "attribute_data_type": "String",
                "developer_only_attribute": false,
                "mutable": true,
                "name": "email",
                "number_attribute_constraints": [],
                "required": true,
                "string_attribute_constraints": [
                  {
                    "max_length": "256",
                    "min_length": "1"
                  }
                ]
              },
              {
                "attribute_data_type": "String",
                "developer_only_attribute": false,
                "mutable": true,
                "name": "github_id",
                "number_attribute_constraints": [],
                "required": false,
                "string_attribute_constraints": [
                  {
                    "max_length": "256",
                    "min_length": "1"
                  }
                ]
              },
              {
                "attribute_data_type": "String",
                "developer_only_attribute": false,
                "mutable": true,
                "name": "name",
                "number_attribute_constraints": [],
                "required": false,
                "string_attribute_constraints": [
                  {
                    "max_length": "256",
                    "min_length": "1"
                  }
                ]
              }
            ],
            "sign_in_policy": [
              {
                "allowed_first_auth_factors": [
                  "PASSWORD"
                ]
              }
            ],
            "sms_authentication_message": "",
            "sms_configuration": [],
            "sms_verification_message": "",
            "software_token_mfa_configuration": [
              {
                "enabled": true
              }
            ],
            "tags": {
              "Environment": "prod",
              "Name": "hermes-prod-user-pool"
            },
            "tags_all": {
              "Environment": "prod",
              "ManagedBy": "terraform",
              "Name": "hermes-prod-user-pool",
              "Project": "hermes"
            },
            "user_attribute_update_settings": [
              {
                "attributes_require_verification_before_update": [
                  "email"
                ]
              }
            ],
            "user_pool_add_ons": [],
            "user_pool_tier": "ESSENTIALS",
            "username_attributes": [
              "email"
            ],
            "username_configuration": [
              {
                "case_sensitive": false
              }
            ],
            "verification_message_template": [
              {
                "default_email_option": "CONFIRM_WITH_CODE",
                "email_message": "Your verification code is {####}",
                "email_message_by_link": "",
                "email_subject": "Your hermes verification code",
                "email_subject_by_link": "",
                "sms_message": ""
              }
            ],
            "web_authn_configuration": []
          },
          "sensitive_attributes": [],
          "identity_schema_version": 0,
          "private": "bnVsbA=="
        }
      ]
    },
    {
      "mode": "managed",
      "type": "aws_cognito_user_pool_client",
      "name": "main",
      "provider": "provider[\"registry.terraform.io/hashicorp/aws\"]",
      "instances": [
        {
          "schema_version": 0,
          "attributes": {
            "access_token_validity": 5,
            "allowed_oauth_flows": [
              "code"
            ],
            "allowed_oauth_flows_user_pool_client": true,
            "allowed_oauth_scopes": [
              "email",
              "openid",
              "profile"
            ],
            "analytics_configuration": [],
            "auth_session_validity": 3,
            "callback_urls": [
              "http://localhost:3000/callback",
              "https://hermes-app.com/auth/callback",
              "https://hermes-app.com/callback"
            ],
            "client_secret": "",
            "default_redirect_uri": "",
            "enable_propagate_additional_user_context_data": false,
            "enable_token_revocation": true,
            "explicit_auth_flows": [
              "ALLOW_ADMIN_USER_PASSWORD_AUTH",
              "ALLOW_CUSTOM_AUTH",
              "ALLOW_REFRESH_TOKEN_AUTH",
              "ALLOW_USER_PASSWORD_AUTH",
              "ALLOW_USER_SRP_AUTH"
            ],
            "generate_secret": false,
            "id": "6828qheiedoh3s37kk63vvnulb",
            "id_token_validity": 30,
            "logout_urls": [
              "http://localhost:3000",
              "https://hermes-app.com",
              "https://hermes-app.com/logout"
            ],
            "name": "hermes-prod-client",
            "prevent_user_existence_errors": "ENABLED",
            "read_attributes": [
              "custom:github_id",
              "email",
              "email_verified",
              "name",
              "preferred_username",
              "profile",
              "updated_at"
            ],
            "refresh_token_rotation": [],
            "refresh_token_validity": 30,
            "supported_identity_providers": [
              "COGNITO"
            ],
            "token_validity_units": [
              {
                "access_token": "minutes",
                "id_token": "minutes",
                "refresh_token": "days"
              }
            ],
            "user_pool_id": "sa-east-1_eEK7ISnrg",
            "write_attributes": [
              "custom:github_id",
              "email",
              "name",
              "preferred_username",
              "profile",
              "updated_at"
            ]
          },
          "sensitive_attributes": [
            [
              {
                "type": "get_attr",
                "value": "client_secret"
              }
            ]
          ],
          "identity_schema_version": 0,
          "dependencies": [
            "aws_cognito_user_pool.main"
          ]
        }
      ]
    },
    {
      "mode": "managed",
      "type": "aws_cognito_user_pool_domain",
      "name": "main",
      "provider": "provider[\"registry.terraform.io/hashicorp/aws\"]",
      "instances": [
        {
          "schema_version": 0,
          "attributes": {
            "aws_account_id": "142527788765",
            "certificate_arn": "",
            "cloudfront_distribution": "dgay0d1ozp68.cloudfront.net",
            "cloudfront_distribution_arn": "dgay0d1ozp68.cloudfront.net",
            "cloudfront_distribution_zone_id": "Z2FDTNDATAQYW2",
            "domain": "hermes-auth-prod",
            "id": "hermes-auth-prod",
            "managed_login_version": 1,
            "s3_bucket": "aws-cognito-prod-gru-assets",
            "user_pool_id": "sa-east-1_eEK7ISnrg",
            "version": "20260211182251"
          },
          "sensitive_attributes": [],
          "identity_schema_version": 0,
          "private": "bnVsbA==",
          "dependencies": [
            "aws_cognito_user_pool.main"
          ]
        }
      ]
    },
    {
      "mode": "managed",
      "type": "aws_iam_role",
      "name": "github_auth_lambda",
      "provider": "provider[\"registry.terraform.io/hashicorp/aws\"]",
      "instances": [
        {
          "schema_version": 0,
          "attributes": {
            "arn": "arn:aws:iam::142527788765:role/hermes-github-auth-lambda-role-prod",
            "assume_role_policy": "{\"Statement\":[{\"Action\":\"sts:AssumeRole\",\"Effect\":\"Allow\",\"Principal\":{\"Service\":\"lambda.amazonaws.com\"}}],\"Version\":\"2012-10-17\"}",
            "create_date": "2026-02-11T18:22:49Z",
            "description": "",
            "force_detach_policies": false,
            "id": "hermes-github-auth-lambda-role-prod",
            "inline_policy": [],
            "managed_policy_arns": [],
            "max_session_duration": 3600,
            "name": "hermes-github-auth-lambda-role-prod",
            "name_prefix": "",
            "path": "/",
            "permissions_boundary": "",
            "tags": {
              "Environment": "prod",
              "ManagedBy": "terraform",
              "Project": "hermes"
            },
            "tags_all": {
              "Environment": "prod",
              "ManagedBy": "terraform",
              "Project": "hermes"
            },
            "unique_id": "AROASCL2RO3O273MW5BLS"
          },
          "sensitive_attributes": [],
          "identity_schema_version": 0,
          "private": "bnVsbA=="
        }
      ]
    },
    {
      "mode": "managed",
      "type": "aws_iam_role_policy",
      "name": "github_auth_lambda_cognito",
      "provider": "provider[\"registry.terraform.io/hashicorp/aws\"]",
      "instances": [
        {
          "schema_version": 0,
          "attributes": {
            "id": "hermes-github-auth-lambda-role-prod:hermes-github-auth-cognito-policy",
            "name": "hermes-github-auth-cognito-policy",
            "name_prefix": "",
            "policy": "{\"Version\":\"2012-10-17\",\"Statement\":[{\"Action\":[\"cognito-idp:AdminCreateUser\",\"cognito-idp:AdminGetUser\",\"cognito-idp:AdminSetUserPassword\",\"cognito-idp:AdminInitiateAuth\",\"cognito-idp:AdminUpdateUserAttributes\"],\"Effect\":\"Allow\",\"Resource\":\"arn:aws:cognito-idp:sa-east-1:142527788765:userpool/sa-east-1_eEK7ISnrg\"}]}",
            "role": "hermes-github-auth-lambda-role-prod"
          },
          "sensitive_attributes": [],
          "identity_schema_version": 0,
          "private": "bnVsbA==",
          "dependencies": [
            "aws_cognito_user_pool.main",
            "aws_iam_role.github_auth_lambda"
          ]
        }
      ]
    },
    {
      "mode": "managed",
      "type": "aws_iam_role_policy_attachment",
      "name": "github_auth_lambda_basic",
      "provider": "provider[\"registry.terraform.io/hashicorp/aws\"]",
      "instances": [
        {
          "schema_version": 0,
          "attributes": {
            "id": "hermes-github-auth-lambda-role-prod-20260211182249346400000001",
            "policy_arn": "arn:aws:iam::aws:policy/service-role/AWSLambdaBasicExecutionRole",
            "role": "hermes-github-auth-lambda-role-prod"
          },
          "sensitive_attributes": [],
          "identity_schema_version": 0,
          "private": "bnVsbA==",
          "dependencies": [
            "aws_iam_role.github_auth_lambda"
          ]
        }
      ]
    },
    {
      "mode": "managed",
      "type": "aws_lambda_function",
      "name": "github_auth",
      "provider": "provider[\"registry.terraform.io/hashicorp/aws\"]",
      "instances": [
        {
          "schema_version": 0,
          "attributes": {
            "architectures": [
              "x86_64"
            ],
            "arn": "arn:aws:lambda:sa-east-1:142527788765:function:hermes-github-auth-prod",
            "code_sha256": "2JdJxdTPbOYHRto3ha8bCrCJhsEnOKo/k+A5xP/ixH4=",
            "code_signing_config_arn": "",
            "dead_letter_config": [],
            "description": "",
            "environment": [
              {
                "variables": {
                  "CALLBACK_URL": "https://ztrgajxcc3.execute-api.sa-east-1.amazonaws.com/auth/github/callback",
                  "CLIENT_ID": "6828qheiedoh3s37kk63vvnulb",
                  "FRONTEND_URL": "http://localhost:3000",
                  "GITHUB_CLIENT_ID": "Ov23liMYjTivEwR75RQY",
                  "GITHUB_CLIENT_SECRET": "b688ddd3ce0fb230b56ab6fa5b9db426271ee0c2",
                  "USER_POOL_ID": "sa-east-1_eEK7ISnrg"
                }
              }
            ],
            "ephemeral_storage": [
              {
                "size": 512
              }
            ],
            "file_system_config": [],
            "filename": "./../../lambda/github-auth/function.zip",
            "function_name": "hermes-github-auth-prod",
            "handler": "index.handler",
            "id": "hermes-github-auth-prod",
            "image_config": [],
            "image_uri": "",
            "invoke_arn": "arn:aws:apigateway:sa-east-1:lambda:path/2015-03-31/functions/arn:aws:lambda:sa-east-1:142527788765:function:hermes-github-auth-prod/invocations",
            "kms_key_arn": "",
            "last_modified": "2026-02-11T18:22:59.066+0000",
            "layers": null,
            "logging_config": [
              {
                "application_log_level": "",
                "log_format": "Text",
                "log_group": "/aws/lambda/hermes-github-auth-prod",
                "system_log_level": ""
              }
            ],
            "memory_size": 128,
            "package_type": "Zip",
            "publish": false,
            "qualified_arn": "arn:aws:lambda:sa-east-1:142527788765:function:hermes-github-auth-prod:$LATEST",
            "qualified_invoke_arn": "arn:aws:apigateway:sa-east-1:lambda:path/2015-03-31/functions/arn:aws:lambda:sa-east-1:142527788765:function:hermes-github-auth-prod:$LATEST/invocations",
            "replace_security_groups_on_destroy": null,
            "replacement_security_group_ids": null,
            "reserved_concurrent_executions": -1,
            "role": "arn:aws:iam::142527788765:role/hermes-github-auth-lambda-role-prod",
            "runtime": "nodejs20.x",
            "s3_bucket": null,
            "s3_key": null,
            "s3_object_version": null,
            "signing_job_arn": "",
            "signing_profile_version_arn": "",
            "skip_destroy": false,
            "snap_start": [],
            "source_code_hash": "2JdJxdTPbOYHRto3ha8bCrCJhsEnOKo/k+A5xP/ixH4=",
            "source_code_size": 3449527,
            "tags": {
              "Environment": "prod",
              "ManagedBy": "terraform",
              "Project": "hermes"
            },
            "tags_all": {
              "Environment": "prod",
              "ManagedBy": "terraform",
              "Project": "hermes"
            },
            "timeout": 30,
            "timeouts": null,
            "tracing_config": [
              {
                "mode": "PassThrough"
              }
            ],
            "version": "$LATEST",
            "vpc_config": []
          },
          "sensitive_attributes": [
            [
              {
                "type": "get_attr",
                "value": "environment"
              },
              {
                "type": "index",
                "value": {
                  "value": 0,
                  "type": "number"
                }
              },
              {
                "type": "get_attr",
                "value": "variables"
              },
              {
                "type": "index",
                "value": {
                  "value": "GITHUB_CLIENT_ID",
                  "type": "string"
                }
              }
            ],
            [
              {
                "type": "get_attr",
                "value": "environment"
              },
              {
                "type": "index",
                "value": {
                  "value": 0,
                  "type": "number"
                }
              },
              {
                "type": "get_attr",
                "value": "variables"
              },
              {
                "type": "index",
                "value": {
                  "value": "GITHUB_CLIENT_SECRET",
                  "type": "string"
                }
              }
            ]
          ],
          "identity_schema_version": 0,
          "private": "eyJlMmJmYjczMC1lY2FhLTExZTYtOGY4OC0zNDM2M2JjN2M0YzAiOnsiY3JlYXRlIjo2MDAwMDAwMDAwMDAsImRlbGV0ZSI6NjAwMDAwMDAwMDAwLCJ1cGRhdGUiOjYwMDAwMDAwMDAwMH19",
          "dependencies": [
            "aws_apigatewayv2_api.github_auth",
            "aws_cognito_user_pool.main",
            "aws_cognito_user_pool_client.main",
            "aws_iam_role.github_auth_lambda",
            "aws_iam_role_policy.github_auth_lambda_cognito",
            "aws_iam_role_policy_attachment.github_auth_lambda_basic"
          ]
        }
      ]
    },
    {
      "mode": "managed",
      "type": "aws_lambda_permission",
      "name": "github_auth_api",
      "provider": "provider[\"registry.terraform.io/hashicorp/aws\"]",
      "instances": [
        {
          "schema_version": 0,
          "attributes": {
            "action": "lambda:InvokeFunction",
            "event_source_token": null,
            "function_name": "hermes-github-auth-prod",
            "function_url_auth_type": null,
            "id": "AllowAPIGatewayInvoke",
            "principal": "apigateway.amazonaws.com",
            "principal_org_id": null,
            "qualifier": "",
            "source_account": null,
            "source_arn": "arn:aws:execute-api:sa-east-1:142527788765:ztrgajxcc3/*/*",
            "statement_id": "AllowAPIGatewayInvoke",
            "statement_id_prefix": ""
          },
          "sensitive_attributes": [],
          "identity_schema_version": 0,
          "private": "bnVsbA==",
          "dependencies": [
            "aws_apigatewayv2_api.github_auth",
            "aws_cognito_user_pool.main",
            "aws_cognito_user_pool_client.main",
            "aws_iam_role.github_auth_lambda",
            "aws_iam_role_policy.github_auth_lambda_cognito",
            "aws_iam_role_policy_attachment.github_auth_lambda_basic",
            "aws_lambda_function.github_auth"
          ]
        }
      ]
    }
  ],
  "check_results": null
}
